
Microsoft Visual Studio Solution File, Format Version 12.00
# Visual Studio Version 17
VisualStudioVersion = 17.6.33717.318
MinimumVisualStudioVersion = 10.0.40219.1
Project("{FAE04EC0-301F-11D3-BF4B-00C04F79EFBC}") = "Console Project", "Console Project\Console Project.csproj", "{4420AF92-9423-4331-B5F6-C61A4C28EF4E}"
EndProject
Global
	GlobalSection(SolutionConfigurationPlatforms) = preSolution
		Debug|Any CPU = Debug|Any CPU
		Release|Any CPU = Release|Any CPU
	EndGlobalSection
	GlobalSection(ProjectConfigurationPlatforms) = postSolution
		{4420AF92-9423-4331-B5F6-C61A4C28EF4E}.Debug|Any CPU.ActiveCfg = Debug|Any CPU
		{4420AF92-9423-4331-B5F6-C61A4C28EF4E}.Debug|Any CPU.Build.0 = Debug|Any CPU
		{4420AF92-9423-4331-B5F6-C61A4C28EF4E}.Release|Any CPU.ActiveCfg = Release|Any CPU
		{4420AF92-9423-4331-B5F6-C61A4C28EF4E}.Release|Any CPU.Build.0 = Release|Any CPU
	EndGlobalSection
	GlobalSection(SolutionProperties) = preSolution
		HideSolutionNode = FALSE
	EndGlobalSection
	GlobalSection(ExtensibilityGlobals) = postSolution
		SolutionGuid = {D7665B50-807B-46A9-B24D-10AA5385F59F}
	EndGlobalSection
EndGlobal
